
Microsoft Visual Studio Solution File, Format Version 12.00
# Visual Studio Version 16
VisualStudioVersion = 16.0.30413.136
MinimumVisualStudioVersion = 10.0.40219.1
Project("{FAE04EC0-301F-11D3-BF4B-00C04F79EFBC}") = "Cykel", "Cykel.csproj", "{F4ABFA2C-E411-4CA4-9386-9E0562CD6BF5}"
EndProject
Project("{FAE04EC0-301F-11D3-BF4B-00C04F79EFBC}") = "CykelTests", "..\CykelTests\CykelTests.csproj", "{A80B1903-9814-4997-A13F-F7C4A849C3EC}"
EndProject
Global
	GlobalSection(SolutionConfigurationPlatforms) = preSolution
		Debug|Any CPU = Debug|Any CPU
		Release|Any CPU = Release|Any CPU
	EndGlobalSection
	GlobalSection(ProjectConfigurationPlatforms) = postSolution
		{F4ABFA2C-E411-4CA4-9386-9E0562CD6BF5}.Debug|Any CPU.ActiveCfg = Debug|Any CPU
		{F4ABFA2C-E411-4CA4-9386-9E0562CD6BF5}.Debug|Any CPU.Build.0 = Debug|Any CPU
		{F4ABFA2C-E411-4CA4-9386-9E0562CD6BF5}.Release|Any CPU.ActiveCfg = Release|Any CPU
		{F4ABFA2C-E411-4CA4-9386-9E0562CD6BF5}.Release|Any CPU.Build.0 = Release|Any CPU
		{A80B1903-9814-4997-A13F-F7C4A849C3EC}.Debug|Any CPU.ActiveCfg = Debug|Any CPU
		{A80B1903-9814-4997-A13F-F7C4A849C3EC}.Debug|Any CPU.Build.0 = Debug|Any CPU
		{A80B1903-9814-4997-A13F-F7C4A849C3EC}.Release|Any CPU.ActiveCfg = Release|Any CPU
		{A80B1903-9814-4997-A13F-F7C4A849C3EC}.Release|Any CPU.Build.0 = Release|Any CPU
	EndGlobalSection
	GlobalSection(SolutionProperties) = preSolution
		HideSolutionNode = FALSE
	EndGlobalSection
	GlobalSection(ExtensibilityGlobals) = postSolution
		SolutionGuid = {AF648F3C-03AD-4670-BF22-77FAF3560E30}
	EndGlobalSection
EndGlobal
